
Microsoft Visual Studio Solution File, Format Version 11.00
# Visual C# Express 2010
Project("{FAE04EC0-301F-11D3-BF4B-00C04F79EFBC}") = "ConstAndEnums", "ConstAndEnums\ConstAndEnums.csproj", "{1ACCC0E4-D4B5-4399-9C27-61963F2F1154}"
EndProject
Global
	GlobalSection(SolutionConfigurationPlatforms) = preSolution
		Debug|x86 = Debug|x86
		Release|x86 = Release|x86
	EndGlobalSection
	GlobalSection(ProjectConfigurationPlatforms) = postSolution
		{1ACCC0E4-D4B5-4399-9C27-61963F2F1154}.Debug|x86.ActiveCfg = Debug|x86
		{1ACCC0E4-D4B5-4399-9C27-61963F2F1154}.Debug|x86.Build.0 = Debug|x86
		{1ACCC0E4-D4B5-4399-9C27-61963F2F1154}.Release|x86.ActiveCfg = Release|x86
		{1ACCC0E4-D4B5-4399-9C27-61963F2F1154}.Release|x86.Build.0 = Release|x86
	EndGlobalSection
	GlobalSection(SolutionProperties) = preSolution
		HideSolutionNode = FALSE
	EndGlobalSection
EndGlobal
