
Microsoft Visual Studio Solution File, Format Version 11.00
# Visual C# Express 2010
Project("{FAE04EC0-301F-11D3-BF4B-00C04F79EFBC}") = "GarbageCollection", "GarbageCollection\GarbageCollection.csproj", "{03EC07CE-7495-497C-8E1B-80C086B42C3B}"
EndProject
Global
	GlobalSection(SolutionConfigurationPlatforms) = preSolution
		Debug|x86 = Debug|x86
		Release|x86 = Release|x86
	EndGlobalSection
	GlobalSection(ProjectConfigurationPlatforms) = postSolution
		{03EC07CE-7495-497C-8E1B-80C086B42C3B}.Debug|x86.ActiveCfg = Debug|x86
		{03EC07CE-7495-497C-8E1B-80C086B42C3B}.Debug|x86.Build.0 = Debug|x86
		{03EC07CE-7495-497C-8E1B-80C086B42C3B}.Release|x86.ActiveCfg = Release|x86
		{03EC07CE-7495-497C-8E1B-80C086B42C3B}.Release|x86.Build.0 = Release|x86
	EndGlobalSection
	GlobalSection(SolutionProperties) = preSolution
		HideSolutionNode = FALSE
	EndGlobalSection
EndGlobal
