
Microsoft Visual Studio Solution File, Format Version 11.00
# Visual C# Express 2010
Project("{FAE04EC0-301F-11D3-BF4B-00C04F79EFBC}") = "RethrowingExceptions", "RethrowingExceptions\RethrowingExceptions.csproj", "{750D2381-F4FC-4E21-BC0A-A5BC1D6F7E14}"
EndProject
Global
	GlobalSection(SolutionConfigurationPlatforms) = preSolution
		Debug|x86 = Debug|x86
		Release|x86 = Release|x86
	EndGlobalSection
	GlobalSection(ProjectConfigurationPlatforms) = postSolution
		{750D2381-F4FC-4E21-BC0A-A5BC1D6F7E14}.Debug|x86.ActiveCfg = Debug|x86
		{750D2381-F4FC-4E21-BC0A-A5BC1D6F7E14}.Debug|x86.Build.0 = Debug|x86
		{750D2381-F4FC-4E21-BC0A-A5BC1D6F7E14}.Release|x86.ActiveCfg = Release|x86
		{750D2381-F4FC-4E21-BC0A-A5BC1D6F7E14}.Release|x86.Build.0 = Release|x86
	EndGlobalSection
	GlobalSection(SolutionProperties) = preSolution
		HideSolutionNode = FALSE
	EndGlobalSection
EndGlobal
