
Microsoft Visual Studio Solution File, Format Version 11.00
# Visual C# Express 2010
Project("{FAE04EC0-301F-11D3-BF4B-00C04F79EFBC}") = "Dictionaries", "Dictionaries\Dictionaries.csproj", "{551C7A32-FB2A-4E84-B904-B4CCD1AD2C51}"
EndProject
Global
	GlobalSection(SolutionConfigurationPlatforms) = preSolution
		Debug|x86 = Debug|x86
		Release|x86 = Release|x86
	EndGlobalSection
	GlobalSection(ProjectConfigurationPlatforms) = postSolution
		{551C7A32-FB2A-4E84-B904-B4CCD1AD2C51}.Debug|x86.ActiveCfg = Debug|x86
		{551C7A32-FB2A-4E84-B904-B4CCD1AD2C51}.Debug|x86.Build.0 = Debug|x86
		{551C7A32-FB2A-4E84-B904-B4CCD1AD2C51}.Release|x86.ActiveCfg = Release|x86
		{551C7A32-FB2A-4E84-B904-B4CCD1AD2C51}.Release|x86.Build.0 = Release|x86
	EndGlobalSection
	GlobalSection(SolutionProperties) = preSolution
		HideSolutionNode = FALSE
	EndGlobalSection
EndGlobal
