
Microsoft Visual Studio Solution File, Format Version 11.00
# Visual C# Express 2010
Project("{FAE04EC0-301F-11D3-BF4B-00C04F79EFBC}") = "UsingExceptions", "UsingExceptions\UsingExceptions.csproj", "{1946D65F-7C56-4B00-A284-792559A7128A}"
EndProject
Global
	GlobalSection(SolutionConfigurationPlatforms) = preSolution
		Debug|x86 = Debug|x86
		Release|x86 = Release|x86
	EndGlobalSection
	GlobalSection(ProjectConfigurationPlatforms) = postSolution
		{1946D65F-7C56-4B00-A284-792559A7128A}.Debug|x86.ActiveCfg = Debug|x86
		{1946D65F-7C56-4B00-A284-792559A7128A}.Debug|x86.Build.0 = Debug|x86
		{1946D65F-7C56-4B00-A284-792559A7128A}.Release|x86.ActiveCfg = Release|x86
		{1946D65F-7C56-4B00-A284-792559A7128A}.Release|x86.Build.0 = Release|x86
	EndGlobalSection
	GlobalSection(SolutionProperties) = preSolution
		HideSolutionNode = FALSE
	EndGlobalSection
EndGlobal
